// !$*UTF8*$!
{
	archiveVersion = 1;
	classes = {
	};
	objectVersion = 56;
	objects = {

/* Begin PBXBuildFile section */
		B40121412967DE640055F198 /* SingleImageViewController.swift in Sources */ = {isa = PBXBuildFile; fileRef = B40121402967DE640055F198 /* SingleImageViewController.swift */; };
		B434BAD42952F5E3002F8A02 /* ProfileViewController.swift in Sources */ = {isa = PBXBuildFile; fileRef = B434BAD32952F5E3002F8A02 /* ProfileViewController.swift */; };
		B44E608829C228B600E75A7D /* ImagesListService.swift in Sources */ = {isa = PBXBuildFile; fileRef = B44E608729C228B600E75A7D /* ImagesListService.swift */; };
		B44E609729C4C3FD00E75A7D /* ImagesListCellDelegate.swift in Sources */ = {isa = PBXBuildFile; fileRef = B44E609629C4C3FD00E75A7D /* ImagesListCellDelegate.swift */; };
		B44E609929C89F1700E75A7D /* WebViewPresenter.swift in Sources */ = {isa = PBXBuildFile; fileRef = B44E609829C89F1700E75A7D /* WebViewPresenter.swift */; };
		B44E609B29C8B1A800E75A7D /* AuthHelper.swift in Sources */ = {isa = PBXBuildFile; fileRef = B44E609A29C8B1A700E75A7D /* AuthHelper.swift */; };
		B44E60A329C994EA00E75A7D /* imageFeedApplicationTests.swift in Sources */ = {isa = PBXBuildFile; fileRef = B44E60A229C994EA00E75A7D /* imageFeedApplicationTests.swift */; };
		B455331A29A8D02200E81D44 /* ProgressHUD in Frameworks */ = {isa = PBXBuildFile; productRef = B455331929A8D02200E81D44 /* ProgressHUD */; };
		B47D41BE29B09ACE00685CFB /* ProfileImageService.swift in Sources */ = {isa = PBXBuildFile; fileRef = B47D41BD29B09ACE00685CFB /* ProfileImageService.swift */; };
		B47D41C029B1E76C00685CFB /* ExtensionURLSession.swift in Sources */ = {isa = PBXBuildFile; fileRef = B47D41BF29B1E76C00685CFB /* ExtensionURLSession.swift */; };
		B484032729BEFD2500953148 /* SwiftKeychainWrapper in Frameworks */ = {isa = PBXBuildFile; productRef = B484032629BEFD2500953148 /* SwiftKeychainWrapper */; };
		B484032929BF092500953148 /* TabBarController.swift in Sources */ = {isa = PBXBuildFile; fileRef = B484032829BF092500953148 /* TabBarController.swift */; };
		B48A9BFE29717F770073DF76 /* AuthConfiguration.swift in Sources */ = {isa = PBXBuildFile; fileRef = B48A9BFD29717F770073DF76 /* AuthConfiguration.swift */; };
		B491F95F29ACC1A000F11204 /* UIBlockingProgressHUD.swift in Sources */ = {isa = PBXBuildFile; fileRef = B491F95E29ACC1A000F11204 /* UIBlockingProgressHUD.swift */; };
		B491F96129ADDEEB00F11204 /* ProfileService.swift in Sources */ = {isa = PBXBuildFile; fileRef = B491F96029ADDEEB00F11204 /* ProfileService.swift */; };
		B49B9302298CC8A400627169 /* AuthViewController.swift in Sources */ = {isa = PBXBuildFile; fileRef = B49B9301298CC8A400627169 /* AuthViewController.swift */; };
		B49B9305298CC9AC00627169 /* WebViewViewController.swift in Sources */ = {isa = PBXBuildFile; fileRef = B49B9304298CC9AC00627169 /* WebViewViewController.swift */; };
		B49B9307298CD8AF00627169 /* WebViewViewControllerDelegate.swift in Sources */ = {isa = PBXBuildFile; fileRef = B49B9306298CD8AF00627169 /* WebViewViewControllerDelegate.swift */; };
		B4B191D2299F6B0200FA60A7 /* OAuthTokenResponseBody.swift in Sources */ = {isa = PBXBuildFile; fileRef = B4B191D1299F6B0200FA60A7 /* OAuthTokenResponseBody.swift */; };
		B4B191D4299F6E8200FA60A7 /* OAuth2Service.swift in Sources */ = {isa = PBXBuildFile; fileRef = B4B191D3299F6E8200FA60A7 /* OAuth2Service.swift */; };
		B4B191D6299F8F8300FA60A7 /* OAuth2TokenStorage.swift in Sources */ = {isa = PBXBuildFile; fileRef = B4B191D5299F8F8300FA60A7 /* OAuth2TokenStorage.swift */; };
		B4B191D929A366D500FA60A7 /* SplashViewController.swift in Sources */ = {isa = PBXBuildFile; fileRef = B4B191D829A366D500FA60A7 /* SplashViewController.swift */; };
		B4CD313029B5E53400CC29FC /* Kingfisher in Frameworks */ = {isa = PBXBuildFile; productRef = B4CD312F29B5E53400CC29FC /* Kingfisher */; };
		B4F175822951A4540037E886 /* AppDelegate.swift in Sources */ = {isa = PBXBuildFile; fileRef = B4F175812951A4540037E886 /* AppDelegate.swift */; };
		B4F175842951A4540037E886 /* SceneDelegate.swift in Sources */ = {isa = PBXBuildFile; fileRef = B4F175832951A4540037E886 /* SceneDelegate.swift */; };
		B4F175862951A4540037E886 /* ImagesListViewController.swift in Sources */ = {isa = PBXBuildFile; fileRef = B4F175852951A4540037E886 /* ImagesListViewController.swift */; };
		B4F175892951A4540037E886 /* Main.storyboard in Resources */ = {isa = PBXBuildFile; fileRef = B4F175872951A4540037E886 /* Main.storyboard */; };
		B4F1758B2951A4550037E886 /* Assets.xcassets in Resources */ = {isa = PBXBuildFile; fileRef = B4F1758A2951A4550037E886 /* Assets.xcassets */; };
		B4F1758E2951A4550037E886 /* LaunchScreen.storyboard in Resources */ = {isa = PBXBuildFile; fileRef = B4F1758C2951A4550037E886 /* LaunchScreen.storyboard */; };
		B4F175992951B1340037E886 /* ImagesListCell.swift in Sources */ = {isa = PBXBuildFile; fileRef = B4F175982951B1340037E886 /* ImagesListCell.swift */; };
/* End PBXBuildFile section */

/* Begin PBXContainerItemProxy section */
		B44E60A429C994EA00E75A7D /* PBXContainerItemProxy */ = {
			isa = PBXContainerItemProxy;
			containerPortal = B4F175762951A4540037E886 /* Project object */;
			proxyType = 1;
			remoteGlobalIDString = B4F1757D2951A4540037E886;
			remoteInfo = imageFeedApplication;
		};
/* End PBXContainerItemProxy section */

/* Begin PBXFileReference section */
		B40121402967DE640055F198 /* SingleImageViewController.swift */ = {isa = PBXFileReference; lastKnownFileType = sourcecode.swift; path = SingleImageViewController.swift; sourceTree = "<group>"; };
		B434BAD32952F5E3002F8A02 /* ProfileViewController.swift */ = {isa = PBXFileReference; lastKnownFileType = sourcecode.swift; path = ProfileViewController.swift; sourceTree = "<group>"; };
		B44E608729C228B600E75A7D /* ImagesListService.swift */ = {isa = PBXFileReference; lastKnownFileType = sourcecode.swift; path = ImagesListService.swift; sourceTree = "<group>"; };
		B44E609629C4C3FD00E75A7D /* ImagesListCellDelegate.swift */ = {isa = PBXFileReference; lastKnownFileType = sourcecode.swift; path = ImagesListCellDelegate.swift; sourceTree = "<group>"; };
		B44E609829C89F1700E75A7D /* WebViewPresenter.swift */ = {isa = PBXFileReference; lastKnownFileType = sourcecode.swift; path = WebViewPresenter.swift; sourceTree = "<group>"; };
		B44E609A29C8B1A700E75A7D /* AuthHelper.swift */ = {isa = PBXFileReference; lastKnownFileType = sourcecode.swift; path = AuthHelper.swift; sourceTree = "<group>"; };
		B44E60A029C994EA00E75A7D /* imageFeedApplicationTests.xctest */ = {isa = PBXFileReference; explicitFileType = wrapper.cfbundle; includeInIndex = 0; path = imageFeedApplicationTests.xctest; sourceTree = BUILT_PRODUCTS_DIR; };
		B44E60A229C994EA00E75A7D /* imageFeedApplicationTests.swift */ = {isa = PBXFileReference; lastKnownFileType = sourcecode.swift; path = imageFeedApplicationTests.swift; sourceTree = "<group>"; };
		B47D41BD29B09ACE00685CFB /* ProfileImageService.swift */ = {isa = PBXFileReference; lastKnownFileType = sourcecode.swift; path = ProfileImageService.swift; sourceTree = "<group>"; };
		B47D41BF29B1E76C00685CFB /* ExtensionURLSession.swift */ = {isa = PBXFileReference; lastKnownFileType = sourcecode.swift; path = ExtensionURLSession.swift; sourceTree = "<group>"; };
		B484032829BF092500953148 /* TabBarController.swift */ = {isa = PBXFileReference; lastKnownFileType = sourcecode.swift; path = TabBarController.swift; sourceTree = "<group>"; };
		B48A9BFD29717F770073DF76 /* AuthConfiguration.swift */ = {isa = PBXFileReference; lastKnownFileType = sourcecode.swift; path = AuthConfiguration.swift; sourceTree = "<group>"; };
		B491F95E29ACC1A000F11204 /* UIBlockingProgressHUD.swift */ = {isa = PBXFileReference; lastKnownFileType = sourcecode.swift; path = UIBlockingProgressHUD.swift; sourceTree = "<group>"; };
		B491F96029ADDEEB00F11204 /* ProfileService.swift */ = {isa = PBXFileReference; lastKnownFileType = sourcecode.swift; path = ProfileService.swift; sourceTree = "<group>"; };
		B49B9301298CC8A400627169 /* AuthViewController.swift */ = {isa = PBXFileReference; lastKnownFileType = sourcecode.swift; path = AuthViewController.swift; sourceTree = "<group>"; };
		B49B9304298CC9AC00627169 /* WebViewViewController.swift */ = {isa = PBXFileReference; lastKnownFileType = sourcecode.swift; path = WebViewViewController.swift; sourceTree = "<group>"; };
		B49B9306298CD8AF00627169 /* WebViewViewControllerDelegate.swift */ = {isa = PBXFileReference; lastKnownFileType = sourcecode.swift; path = WebViewViewControllerDelegate.swift; sourceTree = "<group>"; };
		B4B191D1299F6B0200FA60A7 /* OAuthTokenResponseBody.swift */ = {isa = PBXFileReference; lastKnownFileType = sourcecode.swift; path = OAuthTokenResponseBody.swift; sourceTree = "<group>"; };
		B4B191D3299F6E8200FA60A7 /* OAuth2Service.swift */ = {isa = PBXFileReference; lastKnownFileType = sourcecode.swift; path = OAuth2Service.swift; sourceTree = "<group>"; };
		B4B191D5299F8F8300FA60A7 /* OAuth2TokenStorage.swift */ = {isa = PBXFileReference; lastKnownFileType = sourcecode.swift; path = OAuth2TokenStorage.swift; sourceTree = "<group>"; };
		B4B191D829A366D500FA60A7 /* SplashViewController.swift */ = {isa = PBXFileReference; lastKnownFileType = sourcecode.swift; path = SplashViewController.swift; sourceTree = "<group>"; };
		B4F1757E2951A4540037E886 /* imageFeedApplication.app */ = {isa = PBXFileReference; explicitFileType = wrapper.application; includeInIndex = 0; path = imageFeedApplication.app; sourceTree = BUILT_PRODUCTS_DIR; };
		B4F175812951A4540037E886 /* AppDelegate.swift */ = {isa = PBXFileReference; lastKnownFileType = sourcecode.swift; path = AppDelegate.swift; sourceTree = "<group>"; };
		B4F175832951A4540037E886 /* SceneDelegate.swift */ = {isa = PBXFileReference; lastKnownFileType = sourcecode.swift; path = SceneDelegate.swift; sourceTree = "<group>"; };
		B4F175852951A4540037E886 /* ImagesListViewController.swift */ = {isa = PBXFileReference; lastKnownFileType = sourcecode.swift; path = ImagesListViewController.swift; sourceTree = "<group>"; };
		B4F175882951A4540037E886 /* Base */ = {isa = PBXFileReference; lastKnownFileType = file.storyboard; name = Base; path = Base.lproj/Main.storyboard; sourceTree = "<group>"; };
		B4F1758A2951A4550037E886 /* Assets.xcassets */ = {isa = PBXFileReference; lastKnownFileType = folder.assetcatalog; path = Assets.xcassets; sourceTree = "<group>"; };
		B4F1758D2951A4550037E886 /* Base */ = {isa = PBXFileReference; lastKnownFileType = file.storyboard; name = Base; path = Base.lproj/LaunchScreen.storyboard; sourceTree = "<group>"; };
		B4F1758F2951A4550037E886 /* Info.plist */ = {isa = PBXFileReference; lastKnownFileType = text.plist.xml; path = Info.plist; sourceTree = "<group>"; };
		B4F175982951B1340037E886 /* ImagesListCell.swift */ = {isa = PBXFileReference; lastKnownFileType = sourcecode.swift; path = ImagesListCell.swift; sourceTree = "<group>"; };
/* End PBXFileReference section */

/* Begin PBXFrameworksBuildPhase section */
		B44E609D29C994EA00E75A7D /* Frameworks */ = {
			isa = PBXFrameworksBuildPhase;
			buildActionMask = 2147483647;
			files = (
			);
			runOnlyForDeploymentPostprocessing = 0;
		};
		B4F1757B2951A4540037E886 /* Frameworks */ = {
			isa = PBXFrameworksBuildPhase;
			buildActionMask = 2147483647;
			files = (
				B4CD313029B5E53400CC29FC /* Kingfisher in Frameworks */,
				B455331A29A8D02200E81D44 /* ProgressHUD in Frameworks */,
				B484032729BEFD2500953148 /* SwiftKeychainWrapper in Frameworks */,
			);
			runOnlyForDeploymentPostprocessing = 0;
		};
/* End PBXFrameworksBuildPhase section */

/* Begin PBXGroup section */
		B434BAD22952F5D7002F8A02 /* Profile */ = {
			isa = PBXGroup;
			children = (
				B434BAD32952F5E3002F8A02 /* ProfileViewController.swift */,
				B491F96029ADDEEB00F11204 /* ProfileService.swift */,
				B47D41BD29B09ACE00685CFB /* ProfileImageService.swift */,
			);
			path = Profile;
			sourceTree = "<group>";
		};
		B44E60A129C994EA00E75A7D /* imageFeedApplicationTests */ = {
			isa = PBXGroup;
			children = (
				B44E60A229C994EA00E75A7D /* imageFeedApplicationTests.swift */,
			);
			path = imageFeedApplicationTests;
			sourceTree = "<group>";
		};
		B48A9BFF29717F8D0073DF76 /* SingleImage */ = {
			isa = PBXGroup;
			children = (
				B40121402967DE640055F198 /* SingleImageViewController.swift */,
			);
			path = SingleImage;
			sourceTree = "<group>";
		};
		B48A9C0029717F9F0073DF76 /* Constants */ = {
			isa = PBXGroup;
			children = (
				B48A9BFD29717F770073DF76 /* AuthConfiguration.swift */,
			);
			path = Constants;
			sourceTree = "<group>";
		};
		B49B9303298CC8C900627169 /* Auth */ = {
			isa = PBXGroup;
			children = (
				B4B191D5299F8F8300FA60A7 /* OAuth2TokenStorage.swift */,
				B49B9301298CC8A400627169 /* AuthViewController.swift */,
				B49B9304298CC9AC00627169 /* WebViewViewController.swift */,
				B49B9306298CD8AF00627169 /* WebViewViewControllerDelegate.swift */,
				B4B191D1299F6B0200FA60A7 /* OAuthTokenResponseBody.swift */,
				B4B191D3299F6E8200FA60A7 /* OAuth2Service.swift */,
				B44E609829C89F1700E75A7D /* WebViewPresenter.swift */,
				B44E609A29C8B1A700E75A7D /* AuthHelper.swift */,
			);
			path = Auth;
			sourceTree = "<group>";
		};
		B4B191D729A366BD00FA60A7 /* SplashViewController */ = {
			isa = PBXGroup;
			children = (
				B4B191D829A366D500FA60A7 /* SplashViewController.swift */,
			);
			path = SplashViewController;
			sourceTree = "<group>";
		};
		B4F175752951A4540037E886 = {
			isa = PBXGroup;
			children = (
				B4F175802951A4540037E886 /* imageFeedApplication */,
				B44E60A129C994EA00E75A7D /* imageFeedApplicationTests */,
				B4F1757F2951A4540037E886 /* Products */,
			);
			sourceTree = "<group>";
		};
		B4F1757F2951A4540037E886 /* Products */ = {
			isa = PBXGroup;
			children = (
				B4F1757E2951A4540037E886 /* imageFeedApplication.app */,
				B44E60A029C994EA00E75A7D /* imageFeedApplicationTests.xctest */,
			);
			name = Products;
			sourceTree = "<group>";
		};
		B4F175802951A4540037E886 /* imageFeedApplication */ = {
			isa = PBXGroup;
			children = (
				B4B191D729A366BD00FA60A7 /* SplashViewController */,
				B49B9303298CC8C900627169 /* Auth */,
				B48A9C0029717F9F0073DF76 /* Constants */,
				B48A9BFF29717F8D0073DF76 /* SingleImage */,
				B434BAD22952F5D7002F8A02 /* Profile */,
				B4F1759A2951BAF40037E886 /* ImagesList */,
				B4F175812951A4540037E886 /* AppDelegate.swift */,
				B4F175832951A4540037E886 /* SceneDelegate.swift */,
				B491F95E29ACC1A000F11204 /* UIBlockingProgressHUD.swift */,
				B47D41BF29B1E76C00685CFB /* ExtensionURLSession.swift */,
				B4F175872951A4540037E886 /* Main.storyboard */,
				B4F1758C2951A4550037E886 /* LaunchScreen.storyboard */,
				B4F1758A2951A4550037E886 /* Assets.xcassets */,
				B4F1758F2951A4550037E886 /* Info.plist */,
				B484032829BF092500953148 /* TabBarController.swift */,
			);
			path = imageFeedApplication;
			sourceTree = "<group>";
		};
		B4F1759A2951BAF40037E886 /* ImagesList */ = {
			isa = PBXGroup;
			children = (
				B4F175852951A4540037E886 /* ImagesListViewController.swift */,
				B4F175982951B1340037E886 /* ImagesListCell.swift */,
				B44E608729C228B600E75A7D /* ImagesListService.swift */,
				B44E609629C4C3FD00E75A7D /* ImagesListCellDelegate.swift */,
			);
			path = ImagesList;
			sourceTree = "<group>";
		};
/* End PBXGroup section */

/* Begin PBXNativeTarget section */
		B44E609F29C994EA00E75A7D /* imageFeedApplicationTests */ = {
			isa = PBXNativeTarget;
			buildConfigurationList = B44E60A629C994EA00E75A7D /* Build configuration list for PBXNativeTarget "imageFeedApplicationTests" */;
			buildPhases = (
				B44E609C29C994EA00E75A7D /* Sources */,
				B44E609D29C994EA00E75A7D /* Frameworks */,
				B44E609E29C994EA00E75A7D /* Resources */,
			);
			buildRules = (
			);
			dependencies = (
				B44E60A529C994EA00E75A7D /* PBXTargetDependency */,
			);
			name = imageFeedApplicationTests;
			productName = imageFeedApplicationTests;
			productReference = B44E60A029C994EA00E75A7D /* imageFeedApplicationTests.xctest */;
			productType = "com.apple.product-type.bundle.unit-test";
		};
		B4F1757D2951A4540037E886 /* imageFeedApplication */ = {
			isa = PBXNativeTarget;
			buildConfigurationList = B4F175922951A4550037E886 /* Build configuration list for PBXNativeTarget "imageFeedApplication" */;
			buildPhases = (
				B4F1757A2951A4540037E886 /* Sources */,
				B4F1757B2951A4540037E886 /* Frameworks */,
				B4F1757C2951A4540037E886 /* Resources */,
			);
			buildRules = (
			);
			dependencies = (
			);
			name = imageFeedApplication;
			packageProductDependencies = (
				B455331929A8D02200E81D44 /* ProgressHUD */,
				B4CD312F29B5E53400CC29FC /* Kingfisher */,
				B484032629BEFD2500953148 /* SwiftKeychainWrapper */,
			);
			productName = imageFeedApplication;
			productReference = B4F1757E2951A4540037E886 /* imageFeedApplication.app */;
			productType = "com.apple.product-type.application";
		};
/* End PBXNativeTarget section */

/* Begin PBXProject section */
		B4F175762951A4540037E886 /* Project object */ = {
			isa = PBXProject;
			attributes = {
				BuildIndependentTargetsInParallel = 1;
				LastSwiftUpdateCheck = 1420;
				LastUpgradeCheck = 1420;
				TargetAttributes = {
					B44E609F29C994EA00E75A7D = {
						CreatedOnToolsVersion = 14.2;
						TestTargetID = B4F1757D2951A4540037E886;
					};
					B4F1757D2951A4540037E886 = {
						CreatedOnToolsVersion = 14.2;
					};
				};
			};
			buildConfigurationList = B4F175792951A4540037E886 /* Build configuration list for PBXProject "imageFeedApplication" */;
			compatibilityVersion = "Xcode 14.0";
			developmentRegion = en;
			hasScannedForEncodings = 0;
			knownRegions = (
				en,
				Base,
			);
			mainGroup = B4F175752951A4540037E886;
			packageReferences = (
				B455331829A8D02200E81D44 /* XCRemoteSwiftPackageReference "ProgressHUD" */,
				B4CD312E29B5E53400CC29FC /* XCRemoteSwiftPackageReference "Kingfisher" */,
				B484032529BEFD2500953148 /* XCRemoteSwiftPackageReference "SwiftKeychainWrapper" */,
			);
			productRefGroup = B4F1757F2951A4540037E886 /* Products */;
			projectDirPath = "";
			projectRoot = "";
			targets = (
				B4F1757D2951A4540037E886 /* imageFeedApplication */,
				B44E609F29C994EA00E75A7D /* imageFeedApplicationTests */,
			);
		};
/* End PBXProject section */

/* Begin PBXResourcesBuildPhase section */
		B44E609E29C994EA00E75A7D /* Resources */ = {
			isa = PBXResourcesBuildPhase;
			buildActionMask = 2147483647;
			files = (
			);
			runOnlyForDeploymentPostprocessing = 0;
		};
		B4F1757C2951A4540037E886 /* Resources */ = {
			isa = PBXResourcesBuildPhase;
			buildActionMask = 2147483647;
			files = (
				B4F1758E2951A4550037E886 /* LaunchScreen.storyboard in Resources */,
				B4F1758B2951A4550037E886 /* Assets.xcassets in Resources */,
				B4F175892951A4540037E886 /* Main.storyboard in Resources */,
			);
			runOnlyForDeploymentPostprocessing = 0;
		};
/* End PBXResourcesBuildPhase section */

/* Begin PBXSourcesBuildPhase section */
		B44E609C29C994EA00E75A7D /* Sources */ = {
			isa = PBXSourcesBuildPhase;
			buildActionMask = 2147483647;
			files = (
				B44E60A329C994EA00E75A7D /* imageFeedApplicationTests.swift in Sources */,
			);
			runOnlyForDeploymentPostprocessing = 0;
		};
		B4F1757A2951A4540037E886 /* Sources */ = {
			isa = PBXSourcesBuildPhase;
			buildActionMask = 2147483647;
			files = (
				B4F175862951A4540037E886 /* ImagesListViewController.swift in Sources */,
				B491F96129ADDEEB00F11204 /* ProfileService.swift in Sources */,
				B49B9307298CD8AF00627169 /* WebViewViewControllerDelegate.swift in Sources */,
				B4B191D4299F6E8200FA60A7 /* OAuth2Service.swift in Sources */,
				B4F175992951B1340037E886 /* ImagesListCell.swift in Sources */,
				B44E608829C228B600E75A7D /* ImagesListService.swift in Sources */,
				B434BAD42952F5E3002F8A02 /* ProfileViewController.swift in Sources */,
				B47D41BE29B09ACE00685CFB /* ProfileImageService.swift in Sources */,
				B4B191D929A366D500FA60A7 /* SplashViewController.swift in Sources */,
				B47D41C029B1E76C00685CFB /* ExtensionURLSession.swift in Sources */,
				B44E609929C89F1700E75A7D /* WebViewPresenter.swift in Sources */,
				B4B191D2299F6B0200FA60A7 /* OAuthTokenResponseBody.swift in Sources */,
				B44E609729C4C3FD00E75A7D /* ImagesListCellDelegate.swift in Sources */,
				B484032929BF092500953148 /* TabBarController.swift in Sources */,
				B4F175822951A4540037E886 /* AppDelegate.swift in Sources */,
				B491F95F29ACC1A000F11204 /* UIBlockingProgressHUD.swift in Sources */,
				B49B9302298CC8A400627169 /* AuthViewController.swift in Sources */,
				B48A9BFE29717F770073DF76 /* AuthConfiguration.swift in Sources */,
				B44E609B29C8B1A800E75A7D /* AuthHelper.swift in Sources */,
				B40121412967DE640055F198 /* SingleImageViewController.swift in Sources */,
				B49B9305298CC9AC00627169 /* WebViewViewController.swift in Sources */,
				B4B191D6299F8F8300FA60A7 /* OAuth2TokenStorage.swift in Sources */,
				B4F175842951A4540037E886 /* SceneDelegate.swift in Sources */,
			);
			runOnlyForDeploymentPostprocessing = 0;
		};
/* End PBXSourcesBuildPhase section */

/* Begin PBXTargetDependency section */
		B44E60A529C994EA00E75A7D /* PBXTargetDependency */ = {
			isa = PBXTargetDependency;
			target = B4F1757D2951A4540037E886 /* imageFeedApplication */;
			targetProxy = B44E60A429C994EA00E75A7D /* PBXContainerItemProxy */;
		};
/* End PBXTargetDependency section */

/* Begin PBXVariantGroup section */
		B4F175872951A4540037E886 /* Main.storyboard */ = {
			isa = PBXVariantGroup;
			children = (
				B4F175882951A4540037E886 /* Base */,
			);
			name = Main.storyboard;
			sourceTree = "<group>";
		};
		B4F1758C2951A4550037E886 /* LaunchScreen.storyboard */ = {
			isa = PBXVariantGroup;
			children = (
				B4F1758D2951A4550037E886 /* Base */,
			);
			name = LaunchScreen.storyboard;
			sourceTree = "<group>";
		};
/* End PBXVariantGroup section */

/* Begin XCBuildConfiguration section */
		B44E60A729C994EA00E75A7D /* Debug */ = {
			isa = XCBuildConfiguration;
			buildSettings = {
				BUNDLE_LOADER = "$(TEST_HOST)";
				CODE_SIGN_STYLE = Automatic;
				CURRENT_PROJECT_VERSION = 1;
				DEVELOPMENT_TEAM = 8M49VCLT49;
				GENERATE_INFOPLIST_FILE = YES;
				IPHONEOS_DEPLOYMENT_TARGET = 16.2;
				MARKETING_VERSION = 1.0;
				PRODUCT_BUNDLE_IDENTIFIER = com.icydtw.imageFeedApplicationTests;
				PRODUCT_NAME = "$(TARGET_NAME)";
				SWIFT_EMIT_LOC_STRINGS = NO;
				SWIFT_VERSION = 5.0;
				TARGETED_DEVICE_FAMILY = "1,2";
				TEST_HOST = "$(BUILT_PRODUCTS_DIR)/imageFeedApplication.app/$(BUNDLE_EXECUTABLE_FOLDER_PATH)/imageFeedApplication";
			};
			name = Debug;
		};
		B44E60A829C994EA00E75A7D /* Release */ = {
			isa = XCBuildConfiguration;
			buildSettings = {
				BUNDLE_LOADER = "$(TEST_HOST)";
				CODE_SIGN_STYLE = Automatic;
				CURRENT_PROJECT_VERSION = 1;
				DEVELOPMENT_TEAM = 8M49VCLT49;
				GENERATE_INFOPLIST_FILE = YES;
				IPHONEOS_DEPLOYMENT_TARGET = 16.2;
				MARKETING_VERSION = 1.0;
				PRODUCT_BUNDLE_IDENTIFIER = com.icydtw.imageFeedApplicationTests;
				PRODUCT_NAME = "$(TARGET_NAME)";
				SWIFT_EMIT_LOC_STRINGS = NO;
				SWIFT_VERSION = 5.0;
				TARGETED_DEVICE_FAMILY = "1,2";
				TEST_HOST = "$(BUILT_PRODUCTS_DIR)/imageFeedApplication.app/$(BUNDLE_EXECUTABLE_FOLDER_PATH)/imageFeedApplication";
			};
			name = Release;
		};
		B4F175902951A4550037E886 /* Debug */ = {
			isa = XCBuildConfiguration;
			buildSettings = {
				ALWAYS_SEARCH_USER_PATHS = NO;
				CLANG_ANALYZER_NONNULL = YES;
				CLANG_ANALYZER_NUMBER_OBJECT_CONVERSION = YES_AGGRESSIVE;
				CLANG_CXX_LANGUAGE_STANDARD = "gnu++20";
				CLANG_ENABLE_MODULES = YES;
				CLANG_ENABLE_OBJC_ARC = YES;
				CLANG_ENABLE_OBJC_WEAK = YES;
				CLANG_WARN_BLOCK_CAPTURE_AUTORELEASING = YES;
				CLANG_WARN_BOOL_CONVERSION = YES;
				CLANG_WARN_COMMA = YES;
				CLANG_WARN_CONSTANT_CONVERSION = YES;
				CLANG_WARN_DEPRECATED_OBJC_IMPLEMENTATIONS = YES;
				CLANG_WARN_DIRECT_OBJC_ISA_USAGE = YES_ERROR;
				CLANG_WARN_DOCUMENTATION_COMMENTS = YES;
				CLANG_WARN_EMPTY_BODY = YES;
				CLANG_WARN_ENUM_CONVERSION = YES;
				CLANG_WARN_INFINITE_RECURSION = YES;
				CLANG_WARN_INT_CONVERSION = YES;
				CLANG_WARN_NON_LITERAL_NULL_CONVERSION = YES;
				CLANG_WARN_OBJC_IMPLICIT_RETAIN_SELF = YES;
				CLANG_WARN_OBJC_LITERAL_CONVERSION = YES;
				CLANG_WARN_OBJC_ROOT_CLASS = YES_ERROR;
				CLANG_WARN_QUOTED_INCLUDE_IN_FRAMEWORK_HEADER = YES;
				CLANG_WARN_RANGE_LOOP_ANALYSIS = YES;
				CLANG_WARN_STRICT_PROTOTYPES = YES;
				CLANG_WARN_SUSPICIOUS_MOVE = YES;
				CLANG_WARN_UNGUARDED_AVAILABILITY = YES_AGGRESSIVE;
				CLANG_WARN_UNREACHABLE_CODE = YES;
				CLANG_WARN__DUPLICATE_METHOD_MATCH = YES;
				COPY_PHASE_STRIP = NO;
				DEBUG_INFORMATION_FORMAT = dwarf;
				ENABLE_STRICT_OBJC_MSGSEND = YES;
				ENABLE_TESTABILITY = YES;
				GCC_C_LANGUAGE_STANDARD = gnu11;
				GCC_DYNAMIC_NO_PIC = NO;
				GCC_NO_COMMON_BLOCKS = YES;
				GCC_OPTIMIZATION_LEVEL = 0;
				GCC_PREPROCESSOR_DEFINITIONS = (
					"DEBUG=1",
					"$(inherited)",
				);
				GCC_WARN_64_TO_32_BIT_CONVERSION = YES;
				GCC_WARN_ABOUT_RETURN_TYPE = YES_ERROR;
				GCC_WARN_UNDECLARED_SELECTOR = YES;
				GCC_WARN_UNINITIALIZED_AUTOS = YES_AGGRESSIVE;
				GCC_WARN_UNUSED_FUNCTION = YES;
				GCC_WARN_UNUSED_VARIABLE = YES;
				IPHONEOS_DEPLOYMENT_TARGET = 13.0;
				MTL_ENABLE_DEBUG_INFO = INCLUDE_SOURCE;
				MTL_FAST_MATH = YES;
				ONLY_ACTIVE_ARCH = YES;
				SDKROOT = iphoneos;
				SWIFT_ACTIVE_COMPILATION_CONDITIONS = DEBUG;
				SWIFT_OPTIMIZATION_LEVEL = "-Onone";
			};
			name = Debug;
		};
		B4F175912951A4550037E886 /* Release */ = {
			isa = XCBuildConfiguration;
			buildSettings = {
				ALWAYS_SEARCH_USER_PATHS = NO;
				CLANG_ANALYZER_NONNULL = YES;
				CLANG_ANALYZER_NUMBER_OBJECT_CONVERSION = YES_AGGRESSIVE;
				CLANG_CXX_LANGUAGE_STANDARD = "gnu++20";
				CLANG_ENABLE_MODULES = YES;
				CLANG_ENABLE_OBJC_ARC = YES;
				CLANG_ENABLE_OBJC_WEAK = YES;
				CLANG_WARN_BLOCK_CAPTURE_AUTORELEASING = YES;
				CLANG_WARN_BOOL_CONVERSION = YES;
				CLANG_WARN_COMMA = YES;
				CLANG_WARN_CONSTANT_CONVERSION = YES;
				CLANG_WARN_DEPRECATED_OBJC_IMPLEMENTATIONS = YES;
				CLANG_WARN_DIRECT_OBJC_ISA_USAGE = YES_ERROR;
				CLANG_WARN_DOCUMENTATION_COMMENTS = YES;
				CLANG_WARN_EMPTY_BODY = YES;
				CLANG_WARN_ENUM_CONVERSION = YES;
				CLANG_WARN_INFINITE_RECURSION = YES;
				CLANG_WARN_INT_CONVERSION = YES;
				CLANG_WARN_NON_LITERAL_NULL_CONVERSION = YES;
				CLANG_WARN_OBJC_IMPLICIT_RETAIN_SELF = YES;
				CLANG_WARN_OBJC_LITERAL_CONVERSION = YES;
				CLANG_WARN_OBJC_ROOT_CLASS = YES_ERROR;
				CLANG_WARN_QUOTED_INCLUDE_IN_FRAMEWORK_HEADER = YES;
				CLANG_WARN_RANGE_LOOP_ANALYSIS = YES;
				CLANG_WARN_STRICT_PROTOTYPES = YES;
				CLANG_WARN_SUSPICIOUS_MOVE = YES;
				CLANG_WARN_UNGUARDED_AVAILABILITY = YES_AGGRESSIVE;
				CLANG_WARN_UNREACHABLE_CODE = YES;
				CLANG_WARN__DUPLICATE_METHOD_MATCH = YES;
				COPY_PHASE_STRIP = NO;
				DEBUG_INFORMATION_FORMAT = "dwarf-with-dsym";
				ENABLE_NS_ASSERTIONS = NO;
				ENABLE_STRICT_OBJC_MSGSEND = YES;
				GCC_C_LANGUAGE_STANDARD = gnu11;
				GCC_NO_COMMON_BLOCKS = YES;
				GCC_WARN_64_TO_32_BIT_CONVERSION = YES;
				GCC_WARN_ABOUT_RETURN_TYPE = YES_ERROR;
				GCC_WARN_UNDECLARED_SELECTOR = YES;
				GCC_WARN_UNINITIALIZED_AUTOS = YES_AGGRESSIVE;
				GCC_WARN_UNUSED_FUNCTION = YES;
				GCC_WARN_UNUSED_VARIABLE = YES;
				IPHONEOS_DEPLOYMENT_TARGET = 13.0;
				MTL_ENABLE_DEBUG_INFO = NO;
				MTL_FAST_MATH = YES;
				SDKROOT = iphoneos;
				SWIFT_COMPILATION_MODE = wholemodule;
				SWIFT_OPTIMIZATION_LEVEL = "-O";
				VALIDATE_PRODUCT = YES;
			};
			name = Release;
		};
		B4F175932951A4550037E886 /* Debug */ = {
			isa = XCBuildConfiguration;
			buildSettings = {
				ASSETCATALOG_COMPILER_APPICON_NAME = AppIcon;
				ASSETCATALOG_COMPILER_GLOBAL_ACCENT_COLOR_NAME = AccentColor;
				CODE_SIGN_STYLE = Automatic;
				CURRENT_PROJECT_VERSION = 1;
				DEVELOPMENT_TEAM = 8M49VCLT49;
				GENERATE_INFOPLIST_FILE = YES;
				INFOPLIST_FILE = imageFeedApplication/Info.plist;
				INFOPLIST_KEY_CFBundleDisplayName = "Image Feed";
				INFOPLIST_KEY_UIApplicationSupportsIndirectInputEvents = YES;
				INFOPLIST_KEY_UILaunchStoryboardName = LaunchScreen;
				INFOPLIST_KEY_UIMainStoryboardFile = Main;
				INFOPLIST_KEY_UISupportedInterfaceOrientations = UIInterfaceOrientationPortrait;
				INFOPLIST_KEY_UISupportedInterfaceOrientations_iPad = "UIInterfaceOrientationLandscapeLeft UIInterfaceOrientationLandscapeRight UIInterfaceOrientationPortrait UIInterfaceOrientationPortraitUpsideDown";
				IPHONEOS_DEPLOYMENT_TARGET = 13.0;
				LD_RUNPATH_SEARCH_PATHS = (
					"$(inherited)",
					"@executable_path/Frameworks",
				);
				MARKETING_VERSION = 1.0;
				PRODUCT_BUNDLE_IDENTIFIER = com.icydtw.imageFeedApplication;
				PRODUCT_NAME = "$(TARGET_NAME)";
				SUPPORTED_PLATFORMS = "iphoneos iphonesimulator";
				SUPPORTS_MACCATALYST = NO;
				SUPPORTS_MAC_DESIGNED_FOR_IPHONE_IPAD = NO;
				SWIFT_EMIT_LOC_STRINGS = YES;
				SWIFT_VERSION = 5.0;
				TARGETED_DEVICE_FAMILY = 1;
			};
			name = Debug;
		};
		B4F175942951A4550037E886 /* Release */ = {
			isa = XCBuildConfiguration;
			buildSettings = {
				ASSETCATALOG_COMPILER_APPICON_NAME = AppIcon;
				ASSETCATALOG_COMPILER_GLOBAL_ACCENT_COLOR_NAME = AccentColor;
				CODE_SIGN_STYLE = Automatic;
				CURRENT_PROJECT_VERSION = 1;
				DEVELOPMENT_TEAM = 8M49VCLT49;
				GENERATE_INFOPLIST_FILE = YES;
				INFOPLIST_FILE = imageFeedApplication/Info.plist;
				INFOPLIST_KEY_CFBundleDisplayName = "Image Feed";
				INFOPLIST_KEY_UIApplicationSupportsIndirectInputEvents = YES;
				INFOPLIST_KEY_UILaunchStoryboardName = LaunchScreen;
				INFOPLIST_KEY_UIMainStoryboardFile = Main;
				INFOPLIST_KEY_UISupportedInterfaceOrientations = UIInterfaceOrientationPortrait;
				INFOPLIST_KEY_UISupportedInterfaceOrientations_iPad = "UIInterfaceOrientationLandscapeLeft UIInterfaceOrientationLandscapeRight UIInterfaceOrientationPortrait UIInterfaceOrientationPortraitUpsideDown";
				IPHONEOS_DEPLOYMENT_TARGET = 13.0;
				LD_RUNPATH_SEARCH_PATHS = (
					"$(inherited)",
					"@executable_path/Frameworks",
				);
				MARKETING_VERSION = 1.0;
				PRODUCT_BUNDLE_IDENTIFIER = com.icydtw.imageFeedApplication;
				PRODUCT_NAME = "$(TARGET_NAME)";
				SUPPORTED_PLATFORMS = "iphoneos iphonesimulator";
				SUPPORTS_MACCATALYST = NO;
				SUPPORTS_MAC_DESIGNED_FOR_IPHONE_IPAD = NO;
				SWIFT_EMIT_LOC_STRINGS = YES;
				SWIFT_VERSION = 5.0;
				TARGETED_DEVICE_FAMILY = 1;
			};
			name = Release;
		};
/* End XCBuildConfiguration section */

/* Begin XCConfigurationList section */
		B44E60A629C994EA00E75A7D /* Build configuration list for PBXNativeTarget "imageFeedApplicationTests" */ = {
			isa = XCConfigurationList;
			buildConfigurations = (
				B44E60A729C994EA00E75A7D /* Debug */,
				B44E60A829C994EA00E75A7D /* Release */,
			);
			defaultConfigurationIsVisible = 0;
			defaultConfigurationName = Release;
		};
		B4F175792951A4540037E886 /* Build configuration list for PBXProject "imageFeedApplication" */ = {
			isa = XCConfigurationList;
			buildConfigurations = (
				B4F175902951A4550037E886 /* Debug */,
				B4F175912951A4550037E886 /* Release */,
			);
			defaultConfigurationIsVisible = 0;
			defaultConfigurationName = Release;
		};
		B4F175922951A4550037E886 /* Build configuration list for PBXNativeTarget "imageFeedApplication" */ = {
			isa = XCConfigurationList;
			buildConfigurations = (
				B4F175932951A4550037E886 /* Debug */,
				B4F175942951A4550037E886 /* Release */,
			);
			defaultConfigurationIsVisible = 0;
			defaultConfigurationName = Release;
		};
/* End XCConfigurationList section */

/* Begin XCRemoteSwiftPackageReference section */
		B455331829A8D02200E81D44 /* XCRemoteSwiftPackageReference "ProgressHUD" */ = {
			isa = XCRemoteSwiftPackageReference;
			repositoryURL = "https://github.com/relatedcode/ProgressHUD";
			requirement = {
				kind = exactVersion;
				version = 13.6.2;
			};
		};
		B484032529BEFD2500953148 /* XCRemoteSwiftPackageReference "SwiftKeychainWrapper" */ = {
			isa = XCRemoteSwiftPackageReference;
			repositoryURL = "https://github.com/jrendel/SwiftKeychainWrapper";
			requirement = {
				kind = exactVersion;
				version = 4.0.1;
			};
		};
		B4CD312E29B5E53400CC29FC /* XCRemoteSwiftPackageReference "Kingfisher" */ = {
			isa = XCRemoteSwiftPackageReference;
			repositoryURL = "https://github.com/onevcat/Kingfisher";
			requirement = {
				kind = exactVersion;
				version = 7.6.2;
			};
		};
/* End XCRemoteSwiftPackageReference section */

/* Begin XCSwiftPackageProductDependency section */
		B455331929A8D02200E81D44 /* ProgressHUD */ = {
			isa = XCSwiftPackageProductDependency;
			package = B455331829A8D02200E81D44 /* XCRemoteSwiftPackageReference "ProgressHUD" */;
			productName = ProgressHUD;
		};
		B484032629BEFD2500953148 /* SwiftKeychainWrapper */ = {
			isa = XCSwiftPackageProductDependency;
			package = B484032529BEFD2500953148 /* XCRemoteSwiftPackageReference "SwiftKeychainWrapper" */;
			productName = SwiftKeychainWrapper;
		};
		B4CD312F29B5E53400CC29FC /* Kingfisher */ = {
			isa = XCSwiftPackageProductDependency;
			package = B4CD312E29B5E53400CC29FC /* XCRemoteSwiftPackageReference "Kingfisher" */;
			productName = Kingfisher;
		};
/* End XCSwiftPackageProductDependency section */
	};
	rootObject = B4F175762951A4540037E886 /* Project object */;
}
